PODS:
  - AFNetworking (3.1.0):
    - AFNetworking/NSURLSession (= 3.1.0)
    - AFNetworking/Reachability (= 3.1.0)
    - AFNetworking/Security (= 3.1.0)
    - AFNetworking/Serialization (= 3.1.0)
    - AFNetworking/UIKit (= 3.1.0)
  - AFNetworking/NSURLSession (3.1.0):
    - AFNetworking/Reachability
    - AFNetworking/Security
    - AFNetworking/Serialization
  - AFNetworking/Reachability (3.1.0)
  - AFNetworking/Security (3.1.0)
  - AFNetworking/Serialization (3.1.0)
  - AFNetworking/UIKit (3.1.0):
    - AFNetworking/NSURLSession
  - BarrageRenderer (1.8.0)
  - LFLiveKit (2.6)
  - Masonry (1.0.1)
  - MBProgressHUD (0.9.2)
  - MJExtension (3.0.11)
  - MJRefresh (3.1.10)
  - SDWebImage (3.8.1):
    - SDWebImage/Core (= 3.8.1)
  - SDWebImage/Core (3.8.1)

DEPENDENCIES:
  - AFNetworking (~> 3.1.0)
  - BarrageRenderer (~> 1.8.0)
  - LFLiveKit (= 2.6)
  - Masonry (~> 1.0.1)
  - MBProgressHUD (~> 0.9.2)
  - MJExtension (~> 3.0.10)
  - MJRefresh (~> 3.1.1)
  - SDWebImage (~> 3.8.1)

SPEC REPOS:
  https://github.com/CocoaPods/Specs.git:
    - AFNetworking
    - BarrageRenderer
    - LFLiveKit
    - Masonry
    - MBProgressHUD
    - MJExtension
    - MJRefresh
    - SDWebImage

SPEC CHECKSUMS:
  AFNetworking: 19827bce8c8d25b16bea185837cb66976c23f8fe
  BarrageRenderer: f99b461b58cd34538eef10e547b8ec2f300a0e24
  LFLiveKit: 2219563721f8aa0f188effc3395a06e2d53b23f2
  Masonry: a1a931a0d08870ed8ae415a2ea5ea68ebcac77df
  MBProgressHUD: 1569cf7ace17a8bac47aabfbb8580a49690386d1
  MJExtension: f9ae6ddc0f1c482c3c9af750280ccebd14381958
  MJRefresh: bb72948c985914b0b5cecac573a2c69a8915fb02
  SDWebImage: 35f9627a3e44b4f292a8a8ce6a531fa488239b91

PODFILE CHECKSUM: b98375939d3f968cbef0dafb8a8d57806e312e60

COCOAPODS: 1.13.0
